
Microsoft Visual Studio Solution File, Format Version 12.00
# Visual Studio Version 17
VisualStudioVersion = 17.4.33213.308
MinimumVisualStudioVersion = 10.0.40219.1
Project("{FAE04EC0-301F-11D3-BF4B-00C04F79EFBC}") = "SearchengineResult", "SearchengineResult.csproj", "{440B1CBE-53AE-4C10-BFB9-99089905AEAF}"
EndProject
Global
	GlobalSection(SolutionConfigurationPlatforms) = preSolution
		Debug|Any CPU = Debug|Any CPU
		Release|Any CPU = Release|Any CPU
	EndGlobalSection
	GlobalSection(ProjectConfigurationPlatforms) = postSolution
		{440B1CBE-53AE-4C10-BFB9-99089905AEAF}.Debug|Any CPU.ActiveCfg = Debug|Any CPU
		{440B1CBE-53AE-4C10-BFB9-99089905AEAF}.Debug|Any CPU.Build.0 = Debug|Any CPU
		{440B1CBE-53AE-4C10-BFB9-99089905AEAF}.Release|Any CPU.ActiveCfg = Release|Any CPU
		{440B1CBE-53AE-4C10-BFB9-99089905AEAF}.Release|Any CPU.Build.0 = Release|Any CPU
	EndGlobalSection
	GlobalSection(SolutionProperties) = preSolution
		HideSolutionNode = FALSE
	EndGlobalSection
	GlobalSection(ExtensibilityGlobals) = postSolution
		SolutionGuid = {169C9785-5A65-4C42-B8BE-57D871EC1B9B}
	EndGlobalSection
EndGlobal
